
Microsoft Visual Studio Solution File, Format Version 12.00
# Visual Studio Version 16
VisualStudioVersion = 16.0.31105.61
MinimumVisualStudioVersion = 10.0.40219.1
Project("{9A19103F-16F7-4668-BE54-9A1E7A4F7556}") = "UploadFileDB", "UploadFileDB\UploadFileDB.csproj", "{EE14A03E-2F61-4656-8B59-189A07D1B019}"
EndProject
Global
	GlobalSection(SolutionConfigurationPlatforms) = preSolution
		Debug|Any CPU = Debug|Any CPU
		Release|Any CPU = Release|Any CPU
	EndGlobalSection
	GlobalSection(ProjectConfigurationPlatforms) = postSolution
		{EE14A03E-2F61-4656-8B59-189A07D1B019}.Debug|Any CPU.ActiveCfg = Debug|Any CPU
		{EE14A03E-2F61-4656-8B59-189A07D1B019}.Debug|Any CPU.Build.0 = Debug|Any CPU
		{EE14A03E-2F61-4656-8B59-189A07D1B019}.Release|Any CPU.ActiveCfg = Release|Any CPU
		{EE14A03E-2F61-4656-8B59-189A07D1B019}.Release|Any CPU.Build.0 = Release|Any CPU
	EndGlobalSection
	GlobalSection(SolutionProperties) = preSolution
		HideSolutionNode = FALSE
	EndGlobalSection
	GlobalSection(ExtensibilityGlobals) = postSolution
		SolutionGuid = {7CA23CC1-8035-47C7-9F0E-25FBF06BE8A6}
	EndGlobalSection
EndGlobal
